
Microsoft Visual Studio Solution File, Format Version 12.00
# Visual Studio Version 16
VisualStudioVersion = 16.0.29613.14
MinimumVisualStudioVersion = 10.0.40219.1
Project("{9A19103F-16F7-4668-BE54-9A1E7A4F7556}") = "TestEntityFramework", "TestEntityFramework\TestEntityFramework.csproj", "{D10D2E34-3D48-4711-A09D-E4BBD746F667}"
EndProject
Global
	GlobalSection(SolutionConfigurationPlatforms) = preSolution
		Debug|Any CPU = Debug|Any CPU
		DfServer|Any CPU = DfServer|Any CPU
		Release|Any CPU = Release|Any CPU
		Staging|Any CPU = Staging|Any CPU
	EndGlobalSection
	GlobalSection(ProjectConfigurationPlatforms) = postSolution
		{D10D2E34-3D48-4711-A09D-E4BBD746F667}.Debug|Any CPU.ActiveCfg = Debug|Any CPU
		{D10D2E34-3D48-4711-A09D-E4BBD746F667}.Debug|Any CPU.Build.0 = Debug|Any CPU
		{D10D2E34-3D48-4711-A09D-E4BBD746F667}.DfServer|Any CPU.ActiveCfg = DfServer|Any CPU
		{D10D2E34-3D48-4711-A09D-E4BBD746F667}.DfServer|Any CPU.Build.0 = DfServer|Any CPU
		{D10D2E34-3D48-4711-A09D-E4BBD746F667}.Release|Any CPU.ActiveCfg = Release|Any CPU
		{D10D2E34-3D48-4711-A09D-E4BBD746F667}.Release|Any CPU.Build.0 = Release|Any CPU
		{D10D2E34-3D48-4711-A09D-E4BBD746F667}.Staging|Any CPU.ActiveCfg = Staging|Any CPU
		{D10D2E34-3D48-4711-A09D-E4BBD746F667}.Staging|Any CPU.Build.0 = Staging|Any CPU
	EndGlobalSection
	GlobalSection(SolutionProperties) = preSolution
		HideSolutionNode = FALSE
	EndGlobalSection
	GlobalSection(ExtensibilityGlobals) = postSolution
		SolutionGuid = {332AC218-44F3-4DF2-A676-929E75791FD7}
	EndGlobalSection
EndGlobal
